schema: '2.0'
stages:
  make_dataset:
    cmd: python ./src/data/make_dataset.py ./data/raw/creditcard.csv ./params.yaml
    deps:
    - path: ./data/raw/creditcard.csv
      hash: md5
      md5: e90efcb83d69faf99fcab8b0255024de
      size: 150828752
    - path: ./params.yaml
      hash: md5
      md5: 405bf6bd13c87ef7cc6da023db54d8f5
      size: 102
    - path: ./src/data/make_dataset.py
      hash: md5
      md5: 9b8b0a50e1868da1d0de983309959e8f
      size: 1341
    params:
      params.yaml:
        make_dataset.seed: 2023
        make_dataset.test_split: 0.2
  train_model:
    cmd: python ./src/models/train_model.py ./data/processed/ ./params.yaml
    deps:
    - path: ./data/processed/
      hash: md5
      md5: b23c5b4dac6fd0f0b6804c4d96dff9a1.dir
      size: 150817718
      nfiles: 3
    - path: ./params.yaml
      hash: md5
      md5: 405bf6bd13c87ef7cc6da023db54d8f5
      size: 102
    - path: ./src/models/train_model.py
      hash: md5
      md5: ec8c2650f37b9ef9dd3e152f69dd66e3
      size: 1401
